
Microsoft Visual Studio Solution File, Format Version 12.00
# Visual Studio 15
VisualStudioVersion = 15.0.27703.2018
MinimumVisualStudioVersion = 10.0.40219.1
Project("{FAE04EC0-301F-11D3-BF4B-00C04F79EFBC}") = "Hitcon2018.Wallet.Android", "Hitcon2018.Wallet\Hitcon2018.Wallet.Android\Hitcon2018.Wallet.Android.csproj", "{A0BA3709-3930-4424-8CA4-09F0079E19BE}"
EndProject
Project("{FAE04EC0-301F-11D3-BF4B-00C04F79EFBC}") = "Hitcon2018.Wallet.iOS", "Hitcon2018.Wallet\Hitcon2018.Wallet.iOS\Hitcon2018.Wallet.iOS.csproj", "{FABF2E63-1385-4BEE-B1F2-879988E8E6A0}"
EndProject
Project("{9A19103F-16F7-4668-BE54-9A1E7A4F7556}") = "Hitcon2018.Wallet", "Hitcon2018.Wallet\Hitcon2018.Wallet\Hitcon2018.Wallet.csproj", "{B644C9D4-FBDA-473D-BEF5-51FAFD0B2B1E}"
EndProject
Project("{FAE04EC0-301F-11D3-BF4B-00C04F79EFBC}") = "Test.Hitcon2018.Wallet", "Test.Hitcon2018.Wallet\Test.Hitcon2018.Wallet.csproj", "{0B975BDA-5BDC-4DA0-A7D4-E0557D4BEF51}"
EndProject
Project("{FAE04EC0-301F-11D3-BF4B-00C04F79EFBC}") = "XUnitTestProject1", "XUnitTestProject1\XUnitTestProject1.csproj", "{2C9ECDAF-6ECD-4517-AFCA-7DF612EA660D}"
EndProject
Global
	GlobalSection(SolutionConfigurationPlatforms) = preSolution
		Ad-Hoc|Any CPU = Ad-Hoc|Any CPU
		Ad-Hoc|iPhone = Ad-Hoc|iPhone
		Ad-Hoc|iPhoneSimulator = Ad-Hoc|iPhoneSimulator
		AppStore|Any CPU = AppStore|Any CPU
		AppStore|iPhone = AppStore|iPhone
		AppStore|iPhoneSimulator = AppStore|iPhoneSimulator
		Debug|Any CPU = Debug|Any CPU
		Debug|iPhone = Debug|iPhone
		Debug|iPhoneSimulator = Debug|iPhoneSimulator
		Release|Any CPU = Release|Any CPU
		Release|iPhone = Release|iPhone
		Release|iPhoneSimulator = Release|iPhoneSimulator
	EndGlobalSection
	GlobalSection(ProjectConfigurationPlatforms) = postSolution
		{A0BA3709-3930-4424-8CA4-09F0079E19BE}.Ad-Hoc|Any CPU.ActiveCfg = Release|Any CPU
		{A0BA3709-3930-4424-8CA4-09F0079E19BE}.Ad-Hoc|Any CPU.Build.0 = Release|Any CPU
		{A0BA3709-3930-4424-8CA4-09F0079E19BE}.Ad-Hoc|Any CPU.Deploy.0 = Release|Any CPU
		{A0BA3709-3930-4424-8CA4-09F0079E19BE}.Ad-Hoc|iPhone.ActiveCfg = Release|Any CPU
		{A0BA3709-3930-4424-8CA4-09F0079E19BE}.Ad-Hoc|iPhone.Build.0 = Release|Any CPU
		{A0BA3709-3930-4424-8CA4-09F0079E19BE}.Ad-Hoc|iPhone.Deploy.0 = Release|Any CPU
		{A0BA3709-3930-4424-8CA4-09F0079E19BE}.Ad-Hoc|iPhoneSimulator.ActiveCfg = Release|Any CPU
		{A0BA3709-3930-4424-8CA4-09F0079E19BE}.Ad-Hoc|iPhoneSimulator.Build.0 = Release|Any CPU
		{A0BA3709-3930-4424-8CA4-09F0079E19BE}.Ad-Hoc|iPhoneSimulator.Deploy.0 = Release|Any CPU
		{A0BA3709-3930-4424-8CA4-09F0079E19BE}.AppStore|Any CPU.ActiveCfg = Release|Any CPU
		{A0BA3709-3930-4424-8CA4-09F0079E19BE}.AppStore|Any CPU.Build.0 = Release|Any CPU
		{A0BA3709-3930-4424-8CA4-09F0079E19BE}.AppStore|Any CPU.Deploy.0 = Release|Any CPU
		{A0BA3709-3930-4424-8CA4-09F0079E19BE}.AppStore|iPhone.ActiveCfg = Release|Any CPU
		{A0BA3709-3930-4424-8CA4-09F0079E19BE}.AppStore|iPhone.Build.0 = Release|Any CPU
		{A0BA3709-3930-4424-8CA4-09F0079E19BE}.AppStore|iPhone.Deploy.0 = Release|Any CPU
		{A0BA3709-3930-4424-8CA4-09F0079E19BE}.AppStore|iPhoneSimulator.ActiveCfg = Release|Any CPU
		{A0BA3709-3930-4424-8CA4-09F0079E19BE}.AppStore|iPhoneSimulator.Build.0 = Release|Any CPU
		{A0BA3709-3930-4424-8CA4-09F0079E19BE}.AppStore|iPhoneSimulator.Deploy.0 = Release|Any CPU
		{A0BA3709-3930-4424-8CA4-09F0079E19BE}.Debug|Any CPU.ActiveCfg = Debug|Any CPU
		{A0BA3709-3930-4424-8CA4-09F0079E19BE}.Debug|Any CPU.Build.0 = Debug|Any CPU
		{A0BA3709-3930-4424-8CA4-09F0079E19BE}.Debug|Any CPU.Deploy.0 = Debug|Any CPU
		{A0BA3709-3930-4424-8CA4-09F0079E19BE}.Debug|iPhone.ActiveCfg = Debug|Any CPU
		{A0BA3709-3930-4424-8CA4-09F0079E19BE}.Debug|iPhone.Build.0 = Debug|Any CPU
		{A0BA3709-3930-4424-8CA4-09F0079E19BE}.Debug|iPhone.Deploy.0 = Debug|Any CPU
		{A0BA3709-3930-4424-8CA4-09F0079E19BE}.Debug|iPhoneSimulator.ActiveCfg = Debug|Any CPU
		{A0BA3709-3930-4424-8CA4-09F0079E19BE}.Debug|iPhoneSimulator.Build.0 = Debug|Any CPU
		{A0BA3709-3930-4424-8CA4-09F0079E19BE}.Debug|iPhoneSimulator.Deploy.0 = Debug|Any CPU
		{A0BA3709-3930-4424-8CA4-09F0079E19BE}.Release|Any CPU.ActiveCfg = Release|Any CPU
		{A0BA3709-3930-4424-8CA4-09F0079E19BE}.Release|Any CPU.Build.0 = Release|Any CPU
		{A0BA3709-3930-4424-8CA4-09F0079E19BE}.Release|Any CPU.Deploy.0 = Release|Any CPU
		{A0BA3709-3930-4424-8CA4-09F0079E19BE}.Release|iPhone.ActiveCfg = Release|Any CPU
		{A0BA3709-3930-4424-8CA4-09F0079E19BE}.Release|iPhone.Build.0 = Release|Any CPU
		{A0BA3709-3930-4424-8CA4-09F0079E19BE}.Release|iPhone.Deploy.0 = Release|Any CPU
		{A0BA3709-3930-4424-8CA4-09F0079E19BE}.Release|iPhoneSimulator.ActiveCfg = Release|Any CPU
		{A0BA3709-3930-4424-8CA4-09F0079E19BE}.Release|iPhoneSimulator.Build.0 = Release|Any CPU
		{A0BA3709-3930-4424-8CA4-09F0079E19BE}.Release|iPhoneSimulator.Deploy.0 = Release|Any CPU
		{FABF2E63-1385-4BEE-B1F2-879988E8E6A0}.Ad-Hoc|Any CPU.ActiveCfg = Ad-Hoc|iPhone
		{FABF2E63-1385-4BEE-B1F2-879988E8E6A0}.Ad-Hoc|Any CPU.Build.0 = Ad-Hoc|iPhone
		{FABF2E63-1385-4BEE-B1F2-879988E8E6A0}.Ad-Hoc|Any CPU.Deploy.0 = Ad-Hoc|iPhone
		{FABF2E63-1385-4BEE-B1F2-879988E8E6A0}.Ad-Hoc|iPhone.ActiveCfg = Ad-Hoc|iPhone
		{FABF2E63-1385-4BEE-B1F2-879988E8E6A0}.Ad-Hoc|iPhone.Build.0 = Ad-Hoc|iPhone
		{FABF2E63-1385-4BEE-B1F2-879988E8E6A0}.Ad-Hoc|iPhone.Deploy.0 = Ad-Hoc|iPhone
		{FABF2E63-1385-4BEE-B1F2-879988E8E6A0}.Ad-Hoc|iPhoneSimulator.ActiveCfg = Ad-Hoc|iPhoneSimulator
		{FABF2E63-1385-4BEE-B1F2-879988E8E6A0}.Ad-Hoc|iPhoneSimulator.Build.0 = Ad-Hoc|iPhoneSimulator
		{FABF2E63-1385-4BEE-B1F2-879988E8E6A0}.Ad-Hoc|iPhoneSimulator.Deploy.0 = Ad-Hoc|iPhoneSimulator
		{FABF2E63-1385-4BEE-B1F2-879988E8E6A0}.AppStore|Any CPU.ActiveCfg = AppStore|iPhone
		{FABF2E63-1385-4BEE-B1F2-879988E8E6A0}.AppStore|Any CPU.Build.0 = AppStore|iPhone
		{FABF2E63-1385-4BEE-B1F2-879988E8E6A0}.AppStore|Any CPU.Deploy.0 = AppStore|iPhone
		{FABF2E63-1385-4BEE-B1F2-879988E8E6A0}.AppStore|iPhone.ActiveCfg = AppStore|iPhone
		{FABF2E63-1385-4BEE-B1F2-879988E8E6A0}.AppStore|iPhone.Build.0 = AppStore|iPhone
		{FABF2E63-1385-4BEE-B1F2-879988E8E6A0}.AppStore|iPhone.Deploy.0 = AppStore|iPhone
		{FABF2E63-1385-4BEE-B1F2-879988E8E6A0}.AppStore|iPhoneSimulator.ActiveCfg = AppStore|iPhoneSimulator
		{FABF2E63-1385-4BEE-B1F2-879988E8E6A0}.AppStore|iPhoneSimulator.Build.0 = AppStore|iPhoneSimulator
		{FABF2E63-1385-4BEE-B1F2-879988E8E6A0}.AppStore|iPhoneSimulator.Deploy.0 = AppStore|iPhoneSimulator
		{FABF2E63-1385-4BEE-B1F2-879988E8E6A0}.Debug|Any CPU.ActiveCfg = Debug|iPhoneSimulator
		{FABF2E63-1385-4BEE-B1F2-879988E8E6A0}.Debug|Any CPU.Build.0 = Debug|iPhoneSimulator
		{FABF2E63-1385-4BEE-B1F2-879988E8E6A0}.Debug|Any CPU.Deploy.0 = Debug|iPhoneSimulator
		{FABF2E63-1385-4BEE-B1F2-879988E8E6A0}.Debug|iPhone.ActiveCfg = Debug|iPhone
		{FABF2E63-1385-4BEE-B1F2-879988E8E6A0}.Debug|iPhone.Build.0 = Debug|iPhone
		{FABF2E63-1385-4BEE-B1F2-879988E8E6A0}.Debug|iPhone.Deploy.0 = Debug|iPhone
		{FABF2E63-1385-4BEE-B1F2-879988E8E6A0}.Debug|iPhoneSimulator.ActiveCfg = Debug|iPhoneSimulator
		{FABF2E63-1385-4BEE-B1F2-879988E8E6A0}.Debug|iPhoneSimulator.Build.0 = Debug|iPhoneSimulator
		{FABF2E63-1385-4BEE-B1F2-879988E8E6A0}.Debug|iPhoneSimulator.Deploy.0 = Debug|iPhoneSimulator
		{FABF2E63-1385-4BEE-B1F2-879988E8E6A0}.Release|Any CPU.ActiveCfg = Release|iPhone
		{FABF2E63-1385-4BEE-B1F2-879988E8E6A0}.Release|Any CPU.Build.0 = Release|iPhone
		{FABF2E63-1385-4BEE-B1F2-879988E8E6A0}.Release|Any CPU.Deploy.0 = Release|iPhone
		{FABF2E63-1385-4BEE-B1F2-879988E8E6A0}.Release|iPhone.ActiveCfg = Release|iPhone
		{FABF2E63-1385-4BEE-B1F2-879988E8E6A0}.Release|iPhone.Build.0 = Release|iPhone
		{FABF2E63-1385-4BEE-B1F2-879988E8E6A0}.Release|iPhone.Deploy.0 = Release|iPhone
		{FABF2E63-1385-4BEE-B1F2-879988E8E6A0}.Release|iPhoneSimulator.ActiveCfg = Release|iPhoneSimulator
		{FABF2E63-1385-4BEE-B1F2-879988E8E6A0}.Release|iPhoneSimulator.Build.0 = Release|iPhoneSimulator
		{FABF2E63-1385-4BEE-B1F2-879988E8E6A0}.Release|iPhoneSimulator.Deploy.0 = Release|iPhoneSimulator
		{B644C9D4-FBDA-473D-BEF5-51FAFD0B2B1E}.Ad-Hoc|Any CPU.ActiveCfg = Debug|Any CPU
		{B644C9D4-FBDA-473D-BEF5-51FAFD0B2B1E}.Ad-Hoc|Any CPU.Build.0 = Debug|Any CPU
		{B644C9D4-FBDA-473D-BEF5-51FAFD0B2B1E}.Ad-Hoc|Any CPU.Deploy.0 = Debug|Any CPU
		{B644C9D4-FBDA-473D-BEF5-51FAFD0B2B1E}.Ad-Hoc|iPhone.ActiveCfg = Debug|Any CPU
		{B644C9D4-FBDA-473D-BEF5-51FAFD0B2B1E}.Ad-Hoc|iPhone.Build.0 = Debug|Any CPU
		{B644C9D4-FBDA-473D-BEF5-51FAFD0B2B1E}.Ad-Hoc|iPhone.Deploy.0 = Debug|Any CPU
		{B644C9D4-FBDA-473D-BEF5-51FAFD0B2B1E}.Ad-Hoc|iPhoneSimulator.ActiveCfg = Debug|Any CPU
		{B644C9D4-FBDA-473D-BEF5-51FAFD0B2B1E}.Ad-Hoc|iPhoneSimulator.Build.0 = Debug|Any CPU
		{B644C9D4-FBDA-473D-BEF5-51FAFD0B2B1E}.Ad-Hoc|iPhoneSimulator.Deploy.0 = Debug|Any CPU
		{B644C9D4-FBDA-473D-BEF5-51FAFD0B2B1E}.AppStore|Any CPU.ActiveCfg = Debug|Any CPU
		{B644C9D4-FBDA-473D-BEF5-51FAFD0B2B1E}.AppStore|Any CPU.Build.0 = Debug|Any CPU
		{B644C9D4-FBDA-473D-BEF5-51FAFD0B2B1E}.AppStore|Any CPU.Deploy.0 = Debug|Any CPU
		{B644C9D4-FBDA-473D-BEF5-51FAFD0B2B1E}.AppStore|iPhone.ActiveCfg = Debug|Any CPU
		{B644C9D4-FBDA-473D-BEF5-51FAFD0B2B1E}.AppStore|iPhone.Build.0 = Debug|Any CPU
		{B644C9D4-FBDA-473D-BEF5-51FAFD0B2B1E}.AppStore|iPhone.Deploy.0 = Debug|Any CPU
		{B644C9D4-FBDA-473D-BEF5-51FAFD0B2B1E}.AppStore|iPhoneSimulator.ActiveCfg = Debug|Any CPU
		{B644C9D4-FBDA-473D-BEF5-51FAFD0B2B1E}.AppStore|iPhoneSimulator.Build.0 = Debug|Any CPU
		{B644C9D4-FBDA-473D-BEF5-51FAFD0B2B1E}.AppStore|iPhoneSimulator.Deploy.0 = Debug|Any CPU
		{B644C9D4-FBDA-473D-BEF5-51FAFD0B2B1E}.Debug|Any CPU.ActiveCfg = Debug|Any CPU
		{B644C9D4-FBDA-473D-BEF5-51FAFD0B2B1E}.Debug|Any CPU.Build.0 = Debug|Any CPU
		{B644C9D4-FBDA-473D-BEF5-51FAFD0B2B1E}.Debug|Any CPU.Deploy.0 = Debug|Any CPU
		{B644C9D4-FBDA-473D-BEF5-51FAFD0B2B1E}.Debug|iPhone.ActiveCfg = Debug|Any CPU
		{B644C9D4-FBDA-473D-BEF5-51FAFD0B2B1E}.Debug|iPhone.Build.0 = Debug|Any CPU
		{B644C9D4-FBDA-473D-BEF5-51FAFD0B2B1E}.Debug|iPhone.Deploy.0 = Debug|Any CPU
		{B644C9D4-FBDA-473D-BEF5-51FAFD0B2B1E}.Debug|iPhoneSimulator.ActiveCfg = Debug|Any CPU
		{B644C9D4-FBDA-473D-BEF5-51FAFD0B2B1E}.Debug|iPhoneSimulator.Build.0 = Debug|Any CPU
		{B644C9D4-FBDA-473D-BEF5-51FAFD0B2B1E}.Debug|iPhoneSimulator.Deploy.0 = Debug|Any CPU
		{B644C9D4-FBDA-473D-BEF5-51FAFD0B2B1E}.Release|Any CPU.ActiveCfg = Release|Any CPU
		{B644C9D4-FBDA-473D-BEF5-51FAFD0B2B1E}.Release|Any CPU.Build.0 = Release|Any CPU
		{B644C9D4-FBDA-473D-BEF5-51FAFD0B2B1E}.Release|Any CPU.Deploy.0 = Release|Any CPU
		{B644C9D4-FBDA-473D-BEF5-51FAFD0B2B1E}.Release|iPhone.ActiveCfg = Release|Any CPU
		{B644C9D4-FBDA-473D-BEF5-51FAFD0B2B1E}.Release|iPhone.Build.0 = Release|Any CPU
		{B644C9D4-FBDA-473D-BEF5-51FAFD0B2B1E}.Release|iPhone.Deploy.0 = Release|Any CPU
		{B644C9D4-FBDA-473D-BEF5-51FAFD0B2B1E}.Release|iPhoneSimulator.ActiveCfg = Release|Any CPU
		{B644C9D4-FBDA-473D-BEF5-51FAFD0B2B1E}.Release|iPhoneSimulator.Build.0 = Release|Any CPU
		{B644C9D4-FBDA-473D-BEF5-51FAFD0B2B1E}.Release|iPhoneSimulator.Deploy.0 = Release|Any CPU
		{0B975BDA-5BDC-4DA0-A7D4-E0557D4BEF51}.Ad-Hoc|Any CPU.ActiveCfg = Release|Any CPU
		{0B975BDA-5BDC-4DA0-A7D4-E0557D4BEF51}.Ad-Hoc|Any CPU.Build.0 = Release|Any CPU
		{0B975BDA-5BDC-4DA0-A7D4-E0557D4BEF51}.Ad-Hoc|iPhone.ActiveCfg = Release|Any CPU
		{0B975BDA-5BDC-4DA0-A7D4-E0557D4BEF51}.Ad-Hoc|iPhone.Build.0 = Release|Any CPU
		{0B975BDA-5BDC-4DA0-A7D4-E0557D4BEF51}.Ad-Hoc|iPhoneSimulator.ActiveCfg = Release|Any CPU
		{0B975BDA-5BDC-4DA0-A7D4-E0557D4BEF51}.Ad-Hoc|iPhoneSimulator.Build.0 = Release|Any CPU
		{0B975BDA-5BDC-4DA0-A7D4-E0557D4BEF51}.AppStore|Any CPU.ActiveCfg = Release|Any CPU
		{0B975BDA-5BDC-4DA0-A7D4-E0557D4BEF51}.AppStore|Any CPU.Build.0 = Release|Any CPU
		{0B975BDA-5BDC-4DA0-A7D4-E0557D4BEF51}.AppStore|iPhone.ActiveCfg = Release|Any CPU
		{0B975BDA-5BDC-4DA0-A7D4-E0557D4BEF51}.AppStore|iPhone.Build.0 = Release|Any CPU
		{0B975BDA-5BDC-4DA0-A7D4-E0557D4BEF51}.AppStore|iPhoneSimulator.ActiveCfg = Release|Any CPU
		{0B975BDA-5BDC-4DA0-A7D4-E0557D4BEF51}.AppStore|iPhoneSimulator.Build.0 = Release|Any CPU
		{0B975BDA-5BDC-4DA0-A7D4-E0557D4BEF51}.Debug|Any CPU.ActiveCfg = Debug|Any CPU
		{0B975BDA-5BDC-4DA0-A7D4-E0557D4BEF51}.Debug|Any CPU.Build.0 = Debug|Any CPU
		{0B975BDA-5BDC-4DA0-A7D4-E0557D4BEF51}.Debug|iPhone.ActiveCfg = Debug|Any CPU
		{0B975BDA-5BDC-4DA0-A7D4-E0557D4BEF51}.Debug|iPhone.Build.0 = Debug|Any CPU
		{0B975BDA-5BDC-4DA0-A7D4-E0557D4BEF51}.Debug|iPhoneSimulator.ActiveCfg = Debug|Any CPU
		{0B975BDA-5BDC-4DA0-A7D4-E0557D4BEF51}.Debug|iPhoneSimulator.Build.0 = Debug|Any CPU
		{0B975BDA-5BDC-4DA0-A7D4-E0557D4BEF51}.Release|Any CPU.ActiveCfg = Release|Any CPU
		{0B975BDA-5BDC-4DA0-A7D4-E0557D4BEF51}.Release|Any CPU.Build.0 = Release|Any CPU
		{0B975BDA-5BDC-4DA0-A7D4-E0557D4BEF51}.Release|iPhone.ActiveCfg = Release|Any CPU
		{0B975BDA-5BDC-4DA0-A7D4-E0557D4BEF51}.Release|iPhone.Build.0 = Release|Any CPU
		{0B975BDA-5BDC-4DA0-A7D4-E0557D4BEF51}.Release|iPhoneSimulator.ActiveCfg = Release|Any CPU
		{0B975BDA-5BDC-4DA0-A7D4-E0557D4BEF51}.Release|iPhoneSimulator.Build.0 = Release|Any CPU
		{2C9ECDAF-6ECD-4517-AFCA-7DF612EA660D}.Ad-Hoc|Any CPU.ActiveCfg = Debug|Any CPU
		{2C9ECDAF-6ECD-4517-AFCA-7DF612EA660D}.Ad-Hoc|Any CPU.Build.0 = Debug|Any CPU
		{2C9ECDAF-6ECD-4517-AFCA-7DF612EA660D}.Ad-Hoc|iPhone.ActiveCfg = Debug|Any CPU
		{2C9ECDAF-6ECD-4517-AFCA-7DF612EA660D}.Ad-Hoc|iPhone.Build.0 = Debug|Any CPU
		{2C9ECDAF-6ECD-4517-AFCA-7DF612EA660D}.Ad-Hoc|iPhoneSimulator.ActiveCfg = Debug|Any CPU
		{2C9ECDAF-6ECD-4517-AFCA-7DF612EA660D}.Ad-Hoc|iPhoneSimulator.Build.0 = Debug|Any CPU
		{2C9ECDAF-6ECD-4517-AFCA-7DF612EA660D}.AppStore|Any CPU.ActiveCfg = Debug|Any CPU
		{2C9ECDAF-6ECD-4517-AFCA-7DF612EA660D}.AppStore|Any CPU.Build.0 = Debug|Any CPU
		{2C9ECDAF-6ECD-4517-AFCA-7DF612EA660D}.AppStore|iPhone.ActiveCfg = Debug|Any CPU
		{2C9ECDAF-6ECD-4517-AFCA-7DF612EA660D}.AppStore|iPhone.Build.0 = Debug|Any CPU
		{2C9ECDAF-6ECD-4517-AFCA-7DF612EA660D}.AppStore|iPhoneSimulator.ActiveCfg = Debug|Any CPU
		{2C9ECDAF-6ECD-4517-AFCA-7DF612EA660D}.AppStore|iPhoneSimulator.Build.0 = Debug|Any CPU
		{2C9ECDAF-6ECD-4517-AFCA-7DF612EA660D}.Debug|Any CPU.ActiveCfg = Debug|Any CPU
		{2C9ECDAF-6ECD-4517-AFCA-7DF612EA660D}.Debug|Any CPU.Build.0 = Debug|Any CPU
		{2C9ECDAF-6ECD-4517-AFCA-7DF612EA660D}.Debug|iPhone.ActiveCfg = Debug|Any CPU
		{2C9ECDAF-6ECD-4517-AFCA-7DF612EA660D}.Debug|iPhone.Build.0 = Debug|Any CPU
		{2C9ECDAF-6ECD-4517-AFCA-7DF612EA660D}.Debug|iPhoneSimulator.ActiveCfg = Debug|Any CPU
		{2C9ECDAF-6ECD-4517-AFCA-7DF612EA660D}.Debug|iPhoneSimulator.Build.0 = Debug|Any CPU
		{2C9ECDAF-6ECD-4517-AFCA-7DF612EA660D}.Release|Any CPU.ActiveCfg = Release|Any CPU
		{2C9ECDAF-6ECD-4517-AFCA-7DF612EA660D}.Release|Any CPU.Build.0 = Release|Any CPU
		{2C9ECDAF-6ECD-4517-AFCA-7DF612EA660D}.Release|iPhone.ActiveCfg = Release|Any CPU
		{2C9ECDAF-6ECD-4517-AFCA-7DF612EA660D}.Release|iPhone.Build.0 = Release|Any CPU
		{2C9ECDAF-6ECD-4517-AFCA-7DF612EA660D}.Release|iPhoneSimulator.ActiveCfg = Release|Any CPU
		{2C9ECDAF-6ECD-4517-AFCA-7DF612EA660D}.Release|iPhoneSimulator.Build.0 = Release|Any CPU
	EndGlobalSection
	GlobalSection(SolutionProperties) = preSolution
		HideSolutionNode = FALSE
	EndGlobalSection
	GlobalSection(ExtensibilityGlobals) = postSolution
		SolutionGuid = {3A848E5F-F162-4A33-BF19-E1842B51F0FC}
	EndGlobalSection
EndGlobal
